
Microsoft Visual Studio Solution File, Format Version 12.00
# Visual Studio Version 17
VisualStudioVersion = 17.0.32112.339
MinimumVisualStudioVersion = 10.0.40219.1
Project("{FAE04EC0-301F-11D3-BF4B-00C04F79EFBC}") = "calculator", "calculator\calculator.csproj", "{BD868E84-4C4F-4C3E-9C9A-8BE746B42761}"
EndProject
Global
	GlobalSection(SolutionConfigurationPlatforms) = preSolution
		Debug|Any CPU = Debug|Any CPU
		Release|Any CPU = Release|Any CPU
	EndGlobalSection
	GlobalSection(ProjectConfigurationPlatforms) = postSolution
		{BD868E84-4C4F-4C3E-9C9A-8BE746B42761}.Debug|Any CPU.ActiveCfg = Debug|Any CPU
		{BD868E84-4C4F-4C3E-9C9A-8BE746B42761}.Debug|Any CPU.Build.0 = Debug|Any CPU
		{BD868E84-4C4F-4C3E-9C9A-8BE746B42761}.Release|Any CPU.ActiveCfg = Release|Any CPU
		{BD868E84-4C4F-4C3E-9C9A-8BE746B42761}.Release|Any CPU.Build.0 = Release|Any CPU
	EndGlobalSection
	GlobalSection(SolutionProperties) = preSolution
		HideSolutionNode = FALSE
	EndGlobalSection
	GlobalSection(ExtensibilityGlobals) = postSolution
		SolutionGuid = {D406123A-58DB-475C-8A08-F8A296BF165B}
	EndGlobalSection
EndGlobal
